// !$*UTF8*$!
{
	archiveVersion = 1;
	classes = {
	};
	objectVersion = 56;
	objects = {

/* Begin PBXBuildFile section */
		475FE1B5296A46CD0073AA1B /* AppDelegate.swift in Sources */ = {isa = PBXBuildFile; fileRef = 475FE1B4296A46CD0073AA1B /* AppDelegate.swift */; };
		475FE1B7296A46CD0073AA1B /* SceneDelegate.swift in Sources */ = {isa = PBXBuildFile; fileRef = 475FE1B6296A46CD0073AA1B /* SceneDelegate.swift */; };
		475FE1B9296A46CD0073AA1B /* ViewController.swift in Sources */ = {isa = PBXBuildFile; fileRef = 475FE1B8296A46CD0073AA1B /* ViewController.swift */; };
		475FE1BC296A46CD0073AA1B /* Main.storyboard in Resources */ = {isa = PBXBuildFile; fileRef = 475FE1BA296A46CD0073AA1B /* Main.storyboard */; };
		475FE1BE296A46CE0073AA1B /* Assets.xcassets in Resources */ = {isa = PBXBuildFile; fileRef = 475FE1BD296A46CE0073AA1B /* Assets.xcassets */; };
		475FE1C1296A46CE0073AA1B /* LaunchScreen.storyboard in Resources */ = {isa = PBXBuildFile; fileRef = 475FE1BF296A46CE0073AA1B /* LaunchScreen.storyboard */; };
		475FE1CC296A46CE0073AA1B /* Angela_Fan_ProjectTests.swift in Sources */ = {isa = PBXBuildFile; fileRef = 475FE1CB296A46CE0073AA1B /* Angela_Fan_ProjectTests.swift */; };
		475FE1D6296A46CE0073AA1B /* Angela_Fan_ProjectUITests.swift in Sources */ = {isa = PBXBuildFile; fileRef = 475FE1D5296A46CE0073AA1B /* Angela_Fan_ProjectUITests.swift */; };
		475FE1D8296A46CE0073AA1B /* Angela_Fan_ProjectUITestsLaunchTests.swift in Sources */ = {isa = PBXBuildFile; fileRef = 475FE1D7296A46CE0073AA1B /* Angela_Fan_ProjectUITestsLaunchTests.swift */; };
/* End PBXBuildFile section */

/* Begin PBXContainerItemProxy section */
		475FE1C8296A46CE0073AA1B /* PBXContainerItemProxy */ = {
			isa = PBXContainerItemProxy;
			containerPortal = 475FE1A9296A46CD0073AA1B /* Project object */;
			proxyType = 1;
			remoteGlobalIDString = 475FE1B0296A46CD0073AA1B;
			remoteInfo = "Angela Fan Project";
		};
		475FE1D2296A46CE0073AA1B /* PBXContainerItemProxy */ = {
			isa = PBXContainerItemProxy;
			containerPortal = 475FE1A9296A46CD0073AA1B /* Project object */;
			proxyType = 1;
			remoteGlobalIDString = 475FE1B0296A46CD0073AA1B;
			remoteInfo = "Angela Fan Project";
		};
/* End PBXContainerItemProxy section */

/* Begin PBXFileReference section */
		475FE1B1296A46CD0073AA1B /* Angela Fan Project.app */ = {isa = PBXFileReference; explicitFileType = wrapper.application; includeInIndex = 0; path = "Angela Fan Project.app"; sourceTree = BUILT_PRODUCTS_DIR; };
		475FE1B4296A46CD0073AA1B /* AppDelegate.swift */ = {isa = PBXFileReference; lastKnownFileType = sourcecode.swift; path = AppDelegate.swift; sourceTree = "<group>"; };
		475FE1B6296A46CD0073AA1B /* SceneDelegate.swift */ = {isa = PBXFileReference; lastKnownFileType = sourcecode.swift; path = SceneDelegate.swift; sourceTree = "<group>"; };
		475FE1B8296A46CD0073AA1B /* ViewController.swift */ = {isa = PBXFileReference; lastKnownFileType = sourcecode.swift; path = ViewController.swift; sourceTree = "<group>"; };
		475FE1BB296A46CD0073AA1B /* Base */ = {isa = PBXFileReference; lastKnownFileType = file.storyboard; name = Base; path = Base.lproj/Main.storyboard; sourceTree = "<group>"; };
		475FE1BD296A46CE0073AA1B /* Assets.xcassets */ = {isa = PBXFileReference; lastKnownFileType = folder.assetcatalog; path = Assets.xcassets; sourceTree = "<group>"; };
		475FE1C0296A46CE0073AA1B /* Base */ = {isa = PBXFileReference; lastKnownFileType = file.storyboard; name = Base; path = Base.lproj/LaunchScreen.storyboard; sourceTree = "<group>"; };
		475FE1C2296A46CE0073AA1B /* Info.plist */ = {isa = PBXFileReference; lastKnownFileType = text.plist.xml; path = Info.plist; sourceTree = "<group>"; };
		475FE1C7296A46CE0073AA1B /* Angela Fan ProjectTests.xctest */ = {isa = PBXFileReference; explicitFileType = wrapper.cfbundle; includeInIndex = 0; path = "Angela Fan ProjectTests.xctest"; sourceTree = BUILT_PRODUCTS_DIR; };
		475FE1CB296A46CE0073AA1B /* Angela_Fan_ProjectTests.swift */ = {isa = PBXFileReference; lastKnownFileType = sourcecode.swift; path = Angela_Fan_ProjectTests.swift; sourceTree = "<group>"; };
		475FE1D1296A46CE0073AA1B /* Angela Fan ProjectUITests.xctest */ = {isa = PBXFileReference; explicitFileType = wrapper.cfbundle; includeInIndex = 0; path = "Angela Fan ProjectUITests.xctest"; sourceTree = BUILT_PRODUCTS_DIR; };
		475FE1D5296A46CE0073AA1B /* Angela_Fan_ProjectUITests.swift */ = {isa = PBXFileReference; lastKnownFileType = sourcecode.swift; path = Angela_Fan_ProjectUITests.swift; sourceTree = "<group>"; };
		475FE1D7296A46CE0073AA1B /* Angela_Fan_ProjectUITestsLaunchTests.swift */ = {isa = PBXFileReference; lastKnownFileType = sourcecode.swift; path = Angela_Fan_ProjectUITestsLaunchTests.swift; sourceTree = "<group>"; };
/* End PBXFileReference section */

/* Begin PBXFrameworksBuildPhase section */
		475FE1AE296A46CD0073AA1B /* Frameworks */ = {
			isa = PBXFrameworksBuildPhase;
			buildActionMask = 2147483647;
			files = (
			);
			runOnlyForDeploymentPostprocessing = 0;
		};
		475FE1C4296A46CE0073AA1B /* Frameworks */ = {
			isa = PBXFrameworksBuildPhase;
			buildActionMask = 2147483647;
			files = (
			);
			runOnlyForDeploymentPostprocessing = 0;
		};
		475FE1CE296A46CE0073AA1B /* Frameworks */ = {
			isa = PBXFrameworksBuildPhase;
			buildActionMask = 2147483647;
			files = (
			);
			runOnlyForDeploymentPostprocessing = 0;
		};
/* End PBXFrameworksBuildPhase section */

/* Begin PBXGroup section */
		475FE1A8296A46CD0073AA1B = {
			isa = PBXGroup;
			children = (
				475FE1B3296A46CD0073AA1B /* Angela Fan Project */,
				475FE1CA296A46CE0073AA1B /* Angela Fan ProjectTests */,
				475FE1D4296A46CE0073AA1B /* Angela Fan ProjectUITests */,
				475FE1B2296A46CD0073AA1B /* Products */,
			);
			sourceTree = "<group>";
		};
		475FE1B2296A46CD0073AA1B /* Products */ = {
			isa = PBXGroup;
			children = (
				475FE1B1296A46CD0073AA1B /* Angela Fan Project.app */,
				475FE1C7296A46CE0073AA1B /* Angela Fan ProjectTests.xctest */,
				475FE1D1296A46CE0073AA1B /* Angela Fan ProjectUITests.xctest */,
			);
			name = Products;
			sourceTree = "<group>";
		};
		475FE1B3296A46CD0073AA1B /* Angela Fan Project */ = {
			isa = PBXGroup;
			children = (
				475FE1B4296A46CD0073AA1B /* AppDelegate.swift */,
				475FE1B6296A46CD0073AA1B /* SceneDelegate.swift */,
				475FE1B8296A46CD0073AA1B /* ViewController.swift */,
				475FE1BA296A46CD0073AA1B /* Main.storyboard */,
				475FE1BD296A46CE0073AA1B /* Assets.xcassets */,
				475FE1BF296A46CE0073AA1B /* LaunchScreen.storyboard */,
				475FE1C2296A46CE0073AA1B /* Info.plist */,
			);
			path = "Angela Fan Project";
			sourceTree = "<group>";
		};
		475FE1CA296A46CE0073AA1B /* Angela Fan ProjectTests */ = {
			isa = PBXGroup;
			children = (
				475FE1CB296A46CE0073AA1B /* Angela_Fan_ProjectTests.swift */,
			);
			path = "Angela Fan ProjectTests";
			sourceTree = "<group>";
		};
		475FE1D4296A46CE0073AA1B /* Angela Fan ProjectUITests */ = {
			isa = PBXGroup;
			children = (
				475FE1D5296A46CE0073AA1B /* Angela_Fan_ProjectUITests.swift */,
				475FE1D7296A46CE0073AA1B /* Angela_Fan_ProjectUITestsLaunchTests.swift */,
			);
			path = "Angela Fan ProjectUITests";
			sourceTree = "<group>";
		};
/* End PBXGroup section */

/* Begin PBXNativeTarget section */
		475FE1B0296A46CD0073AA1B /* Angela Fan Project */ = {
			isa = PBXNativeTarget;
			buildConfigurationList = 475FE1DB296A46CE0073AA1B /* Build configuration list for PBXNativeTarget "Angela Fan Project" */;
			buildPhases = (
				475FE1AD296A46CD0073AA1B /* Sources */,
				475FE1AE296A46CD0073AA1B /* Frameworks */,
				475FE1AF296A46CD0073AA1B /* Resources */,
			);
			buildRules = (
			);
			dependencies = (
			);
			name = "Angela Fan Project";
			productName = "Angela Fan Project";
			productReference = 475FE1B1296A46CD0073AA1B /* Angela Fan Project.app */;
			productType = "com.apple.product-type.application";
		};
		475FE1C6296A46CE0073AA1B /* Angela Fan ProjectTests */ = {
			isa = PBXNativeTarget;
			buildConfigurationList = 475FE1DE296A46CE0073AA1B /* Build configuration list for PBXNativeTarget "Angela Fan ProjectTests" */;
			buildPhases = (
				475FE1C3296A46CE0073AA1B /* Sources */,
				475FE1C4296A46CE0073AA1B /* Frameworks */,
				475FE1C5296A46CE0073AA1B /* Resources */,
			);
			buildRules = (
			);
			dependencies = (
				475FE1C9296A46CE0073AA1B /* PBXTargetDependency */,
			);
			name = "Angela Fan ProjectTests";
			productName = "Angela Fan ProjectTests";
			productReference = 475FE1C7296A46CE0073AA1B /* Angela Fan ProjectTests.xctest */;
			productType = "com.apple.product-type.bundle.unit-test";
		};
		475FE1D0296A46CE0073AA1B /* Angela Fan ProjectUITests */ = {
			isa = PBXNativeTarget;
			buildConfigurationList = 475FE1E1296A46CE0073AA1B /* Build configuration list for PBXNativeTarget "Angela Fan ProjectUITests" */;
			buildPhases = (
				475FE1CD296A46CE0073AA1B /* Sources */,
				475FE1CE296A46CE0073AA1B /* Frameworks */,
				475FE1CF296A46CE0073AA1B /* Resources */,
			);
			buildRules = (
			);
			dependencies = (
				475FE1D3296A46CE0073AA1B /* PBXTargetDependency */,
			);
			name = "Angela Fan ProjectUITests";
			productName = "Angela Fan ProjectUITests";
			productReference = 475FE1D1296A46CE0073AA1B /* Angela Fan ProjectUITests.xctest */;
			productType = "com.apple.product-type.bundle.ui-testing";
		};
/* End PBXNativeTarget section */

/* Begin PBXProject section */
		475FE1A9296A46CD0073AA1B /* Project object */ = {
			isa = PBXProject;
			attributes = {
				BuildIndependentTargetsInParallel = 1;
				LastSwiftUpdateCheck = 1420;
				LastUpgradeCheck = 1420;
				TargetAttributes = {
					475FE1B0296A46CD0073AA1B = {
						CreatedOnToolsVersion = 14.2;
					};
					475FE1C6296A46CE0073AA1B = {
						CreatedOnToolsVersion = 14.2;
						TestTargetID = 475FE1B0296A46CD0073AA1B;
					};
					475FE1D0296A46CE0073AA1B = {
						CreatedOnToolsVersion = 14.2;
						TestTargetID = 475FE1B0296A46CD0073AA1B;
					};
				};
			};
			buildConfigurationList = 475FE1AC296A46CD0073AA1B /* Build configuration list for PBXProject "Angela Fan Project" */;
			compatibilityVersion = "Xcode 14.0";
			developmentRegion = en;
			hasScannedForEncodings = 0;
			knownRegions = (
				en,
				Base,
			);
			mainGroup = 475FE1A8296A46CD0073AA1B;
			productRefGroup = 475FE1B2296A46CD0073AA1B /* Products */;
			projectDirPath = "";
			projectRoot = "";
			targets = (
				475FE1B0296A46CD0073AA1B /* Angela Fan Project */,
				475FE1C6296A46CE0073AA1B /* Angela Fan ProjectTests */,
				475FE1D0296A46CE0073AA1B /* Angela Fan ProjectUITests */,
			);
		};
/* End PBXProject section */

/* Begin PBXResourcesBuildPhase section */
		475FE1AF296A46CD0073AA1B /* Resources */ = {
			isa = PBXResourcesBuildPhase;
			buildActionMask = 2147483647;
			files = (
				475FE1C1296A46CE0073AA1B /* LaunchScreen.storyboard in Resources */,
				475FE1BE296A46CE0073AA1B /* Assets.xcassets in Resources */,
				475FE1BC296A46CD0073AA1B /* Main.storyboard in Resources */,
			);
			runOnlyForDeploymentPostprocessing = 0;
		};
		475FE1C5296A46CE0073AA1B /* Resources */ = {
			isa = PBXResourcesBuildPhase;
			buildActionMask = 2147483647;
			files = (
			);
			runOnlyForDeploymentPostprocessing = 0;
		};
		475FE1CF296A46CE0073AA1B /* Resources */ = {
			isa = PBXResourcesBuildPhase;
			buildActionMask = 2147483647;
			files = (
			);
			runOnlyForDeploymentPostprocessing = 0;
		};
/* End PBXResourcesBuildPhase section */

/* Begin PBXSourcesBuildPhase section */
		475FE1AD296A46CD0073AA1B /* Sources */ = {
			isa = PBXSourcesBuildPhase;
			buildActionMask = 2147483647;
			files = (
				475FE1B9296A46CD0073AA1B /* ViewController.swift in Sources */,
				475FE1B5296A46CD0073AA1B /* AppDelegate.swift in Sources */,
				475FE1B7296A46CD0073AA1B /* SceneDelegate.swift in Sources */,
			);
			runOnlyForDeploymentPostprocessing = 0;
		};
		475FE1C3296A46CE0073AA1B /* Sources */ = {
			isa = PBXSourcesBuildPhase;
			buildActionMask = 2147483647;
			files = (
				475FE1CC296A46CE0073AA1B /* Angela_Fan_ProjectTests.swift in Sources */,
			);
			runOnlyForDeploymentPostprocessing = 0;
		};
		475FE1CD296A46CE0073AA1B /* Sources */ = {
			isa = PBXSourcesBuildPhase;
			buildActionMask = 2147483647;
			files = (
				475FE1D8296A46CE0073AA1B /* Angela_Fan_ProjectUITestsLaunchTests.swift in Sources */,
				475FE1D6296A46CE0073AA1B /* Angela_Fan_ProjectUITests.swift in Sources */,
			);
			runOnlyForDeploymentPostprocessing = 0;
		};
/* End PBXSourcesBuildPhase section */

/* Begin PBXTargetDependency section */
		475FE1C9296A46CE0073AA1B /* PBXTargetDependency */ = {
			isa = PBXTargetDependency;
			target = 475FE1B0296A46CD0073AA1B /* Angela Fan Project */;
			targetProxy = 475FE1C8296A46CE0073AA1B /* PBXContainerItemProxy */;
		};
		475FE1D3296A46CE0073AA1B /* PBXTargetDependency */ = {
			isa = PBXTargetDependency;
			target = 475FE1B0296A46CD0073AA1B /* Angela Fan Project */;
			targetProxy = 475FE1D2296A46CE0073AA1B /* PBXContainerItemProxy */;
		};
/* End PBXTargetDependency section */

/* Begin PBXVariantGroup section */
		475FE1BA296A46CD0073AA1B /* Main.storyboard */ = {
			isa = PBXVariantGroup;
			children = (
				475FE1BB296A46CD0073AA1B /* Base */,
			);
			name = Main.storyboard;
			sourceTree = "<group>";
		};
		475FE1BF296A46CE0073AA1B /* LaunchScreen.storyboard */ = {
			isa = PBXVariantGroup;
			children = (
				475FE1C0296A46CE0073AA1B /* Base */,
			);
			name = LaunchScreen.storyboard;
			sourceTree = "<group>";
		};
/* End PBXVariantGroup section */

/* Begin XCBuildConfiguration section */
		475FE1D9296A46CE0073AA1B /* Debug */ = {
			isa = XCBuildConfiguration;
			buildSettings = {
				ALWAYS_SEARCH_USER_PATHS = NO;
				CLANG_ANALYZER_NONNULL = YES;
				CLANG_ANALYZER_NUMBER_OBJECT_CONVERSION = YES_AGGRESSIVE;
				CLANG_CXX_LANGUAGE_STANDARD = "gnu++20";
				CLANG_ENABLE_MODULES = YES;
				CLANG_ENABLE_OBJC_ARC = YES;
				CLANG_ENABLE_OBJC_WEAK = YES;
				CLANG_WARN_BLOCK_CAPTURE_AUTORELEASING = YES;
				CLANG_WARN_BOOL_CONVERSION = YES;
				CLANG_WARN_COMMA = YES;
				CLANG_WARN_CONSTANT_CONVERSION = YES;
				CLANG_WARN_DEPRECATED_OBJC_IMPLEMENTATIONS = YES;
				CLANG_WARN_DIRECT_OBJC_ISA_USAGE = YES_ERROR;
				CLANG_WARN_DOCUMENTATION_COMMENTS = YES;
				CLANG_WARN_EMPTY_BODY = YES;
				CLANG_WARN_ENUM_CONVERSION = YES;
				CLANG_WARN_INFINITE_RECURSION = YES;
				CLANG_WARN_INT_CONVERSION = YES;
				CLANG_WARN_NON_LITERAL_NULL_CONVERSION = YES;
				CLANG_WARN_OBJC_IMPLICIT_RETAIN_SELF = YES;
				CLANG_WARN_OBJC_LITERAL_CONVERSION = YES;
				CLANG_WARN_OBJC_ROOT_CLASS = YES_ERROR;
				CLANG_WARN_QUOTED_INCLUDE_IN_FRAMEWORK_HEADER = YES;
				CLANG_WARN_RANGE_LOOP_ANALYSIS = YES;
				CLANG_WARN_STRICT_PROTOTYPES = YES;
				CLANG_WARN_SUSPICIOUS_MOVE = YES;
				CLANG_WARN_UNGUARDED_AVAILABILITY = YES_AGGRESSIVE;
				CLANG_WARN_UNREACHABLE_CODE = YES;
				CLANG_WARN__DUPLICATE_METHOD_MATCH = YES;
				COPY_PHASE_STRIP = NO;
				DEBUG_INFORMATION_FORMAT = dwarf;
				ENABLE_STRICT_OBJC_MSGSEND = YES;
				ENABLE_TESTABILITY = YES;
				GCC_C_LANGUAGE_STANDARD = gnu11;
				GCC_DYNAMIC_NO_PIC = NO;
				GCC_NO_COMMON_BLOCKS = YES;
				GCC_OPTIMIZATION_LEVEL = 0;
				GCC_PREPROCESSOR_DEFINITIONS = (
					"DEBUG=1",
					"$(inherited)",
				);
				GCC_WARN_64_TO_32_BIT_CONVERSION = YES;
				GCC_WARN_ABOUT_RETURN_TYPE = YES_ERROR;
				GCC_WARN_UNDECLARED_SELECTOR = YES;
				GCC_WARN_UNINITIALIZED_AUTOS = YES_AGGRESSIVE;
				GCC_WARN_UNUSED_FUNCTION = YES;
				GCC_WARN_UNUSED_VARIABLE = YES;
				IPHONEOS_DEPLOYMENT_TARGET = 16.2;
				MTL_ENABLE_DEBUG_INFO = INCLUDE_SOURCE;
				MTL_FAST_MATH = YES;
				ONLY_ACTIVE_ARCH = YES;
				SDKROOT = iphoneos;
				SWIFT_ACTIVE_COMPILATION_CONDITIONS = DEBUG;
				SWIFT_OPTIMIZATION_LEVEL = "-Onone";
			};
			name = Debug;
		};
		475FE1DA296A46CE0073AA1B /* Release */ = {
			isa = XCBuildConfiguration;
			buildSettings = {
				ALWAYS_SEARCH_USER_PATHS = NO;
				CLANG_ANALYZER_NONNULL = YES;
				CLANG_ANALYZER_NUMBER_OBJECT_CONVERSION = YES_AGGRESSIVE;
				CLANG_CXX_LANGUAGE_STANDARD = "gnu++20";
				CLANG_ENABLE_MODULES = YES;
				CLANG_ENABLE_OBJC_ARC = YES;
				CLANG_ENABLE_OBJC_WEAK = YES;
				CLANG_WARN_BLOCK_CAPTURE_AUTORELEASING = YES;
				CLANG_WARN_BOOL_CONVERSION = YES;
				CLANG_WARN_COMMA = YES;
				CLANG_WARN_CONSTANT_CONVERSION = YES;
				CLANG_WARN_DEPRECATED_OBJC_IMPLEMENTATIONS = YES;
				CLANG_WARN_DIRECT_OBJC_ISA_USAGE = YES_ERROR;
				CLANG_WARN_DOCUMENTATION_COMMENTS = YES;
				CLANG_WARN_EMPTY_BODY = YES;
				CLANG_WARN_ENUM_CONVERSION = YES;
				CLANG_WARN_INFINITE_RECURSION = YES;
				CLANG_WARN_INT_CONVERSION = YES;
				CLANG_WARN_NON_LITERAL_NULL_CONVERSION = YES;
				CLANG_WARN_OBJC_IMPLICIT_RETAIN_SELF = YES;
				CLANG_WARN_OBJC_LITERAL_CONVERSION = YES;
				CLANG_WARN_OBJC_ROOT_CLASS = YES_ERROR;
				CLANG_WARN_QUOTED_INCLUDE_IN_FRAMEWORK_HEADER = YES;
				CLANG_WARN_RANGE_LOOP_ANALYSIS = YES;
				CLANG_WARN_STRICT_PROTOTYPES = YES;
				CLANG_WARN_SUSPICIOUS_MOVE = YES;
				CLANG_WARN_UNGUARDED_AVAILABILITY = YES_AGGRESSIVE;
				CLANG_WARN_UNREACHABLE_CODE = YES;
				CLANG_WARN__DUPLICATE_METHOD_MATCH = YES;
				COPY_PHASE_STRIP = NO;
				DEBUG_INFORMATION_FORMAT = "dwarf-with-dsym";
				ENABLE_NS_ASSERTIONS = NO;
				ENABLE_STRICT_OBJC_MSGSEND = YES;
				GCC_C_LANGUAGE_STANDARD = gnu11;
				GCC_NO_COMMON_BLOCKS = YES;
				GCC_WARN_64_TO_32_BIT_CONVERSION = YES;
				GCC_WARN_ABOUT_RETURN_TYPE = YES_ERROR;
				GCC_WARN_UNDECLARED_SELECTOR = YES;
				GCC_WARN_UNINITIALIZED_AUTOS = YES_AGGRESSIVE;
				GCC_WARN_UNUSED_FUNCTION = YES;
				GCC_WARN_UNUSED_VARIABLE = YES;
				IPHONEOS_DEPLOYMENT_TARGET = 16.2;
				MTL_ENABLE_DEBUG_INFO = NO;
				MTL_FAST_MATH = YES;
				SDKROOT = iphoneos;
				SWIFT_COMPILATION_MODE = wholemodule;
				SWIFT_OPTIMIZATION_LEVEL = "-O";
				VALIDATE_PRODUCT = YES;
			};
			name = Release;
		};
		475FE1DC296A46CE0073AA1B /* Debug */ = {
			isa = XCBuildConfiguration;
			buildSettings = {
				ASSETCATALOG_COMPILER_APPICON_NAME = AppIcon;
				ASSETCATALOG_COMPILER_GLOBAL_ACCENT_COLOR_NAME = AccentColor;
				CODE_SIGN_STYLE = Automatic;
				CURRENT_PROJECT_VERSION = 1;
				GENERATE_INFOPLIST_FILE = YES;
				INFOPLIST_FILE = "Angela Fan Project/Info.plist";
				INFOPLIST_KEY_UIApplicationSupportsIndirectInputEvents = YES;
				INFOPLIST_KEY_UILaunchStoryboardName = LaunchScreen;
				INFOPLIST_KEY_UIMainStoryboardFile = Main;
				INFOPLIST_KEY_UISupportedInterfaceOrientations_iPad = "UIInterfaceOrientationPortrait UIInterfaceOrientationPortraitUpsideDown UIInterfaceOrientationLandscapeLeft UIInterfaceOrientationLandscapeRight";
				INFOPLIST_KEY_UISupportedInterfaceOrientations_iPhone = "UIInterfaceOrientationPortrait UIInterfaceOrientationLandscapeLeft UIInterfaceOrientationLandscapeRight";
				LD_RUNPATH_SEARCH_PATHS = (
					"$(inherited)",
					"@executable_path/Frameworks",
				);
				MARKETING_VERSION = 1.0;
				PRODUCT_BUNDLE_IDENTIFIER = "angela.Angela-Fan-Project";
				PRODUCT_NAME = "$(TARGET_NAME)";
				SWIFT_EMIT_LOC_STRINGS = YES;
				SWIFT_VERSION = 5.0;
				TARGETED_DEVICE_FAMILY = "1,2";
			};
			name = Debug;
		};
		475FE1DD296A46CE0073AA1B /* Release */ = {
			isa = XCBuildConfiguration;
			buildSettings = {
				ASSETCATALOG_COMPILER_APPICON_NAME = AppIcon;
				ASSETCATALOG_COMPILER_GLOBAL_ACCENT_COLOR_NAME = AccentColor;
				CODE_SIGN_STYLE = Automatic;
				CURRENT_PROJECT_VERSION = 1;
				GENERATE_INFOPLIST_FILE = YES;
				INFOPLIST_FILE = "Angela Fan Project/Info.plist";
				INFOPLIST_KEY_UIApplicationSupportsIndirectInputEvents = YES;
				INFOPLIST_KEY_UILaunchStoryboardName = LaunchScreen;
				INFOPLIST_KEY_UIMainStoryboardFile = Main;
				INFOPLIST_KEY_UISupportedInterfaceOrientations_iPad = "UIInterfaceOrientationPortrait UIInterfaceOrientationPortraitUpsideDown UIInterfaceOrientationLandscapeLeft UIInterfaceOrientationLandscapeRight";
				INFOPLIST_KEY_UISupportedInterfaceOrientations_iPhone = "UIInterfaceOrientationPortrait UIInterfaceOrientationLandscapeLeft UIInterfaceOrientationLandscapeRight";
				LD_RUNPATH_SEARCH_PATHS = (
					"$(inherited)",
					"@executable_path/Frameworks",
				);
				MARKETING_VERSION = 1.0;
				PRODUCT_BUNDLE_IDENTIFIER = "angela.Angela-Fan-Project";
				PRODUCT_NAME = "$(TARGET_NAME)";
				SWIFT_EMIT_LOC_STRINGS = YES;
				SWIFT_VERSION = 5.0;
				TARGETED_DEVICE_FAMILY = "1,2";
			};
			name = Release;
		};
		475FE1DF296A46CE0073AA1B /* Debug */ = {
			isa = XCBuildConfiguration;
			buildSettings = {
				ALWAYS_EMBED_SWIFT_STANDARD_LIBRARIES = YES;
				BUNDLE_LOADER = "$(TEST_HOST)";
				CODE_SIGN_STYLE = Automatic;
				CURRENT_PROJECT_VERSION = 1;
				GENERATE_INFOPLIST_FILE = YES;
				IPHONEOS_DEPLOYMENT_TARGET = 16.2;
				MARKETING_VERSION = 1.0;
				PRODUCT_BUNDLE_IDENTIFIER = "angela.Angela-Fan-ProjectTests";
				PRODUCT_NAME = "$(TARGET_NAME)";
				SWIFT_EMIT_LOC_STRINGS = NO;
				SWIFT_VERSION = 5.0;
				TARGETED_DEVICE_FAMILY = "1,2";
				TEST_HOST = "$(BUILT_PRODUCTS_DIR)/Angela Fan Project.app/$(BUNDLE_EXECUTABLE_FOLDER_PATH)/Angela Fan Project";
			};
			name = Debug;
		};
		475FE1E0296A46CE0073AA1B /* Release */ = {
			isa = XCBuildConfiguration;
			buildSettings = {
				ALWAYS_EMBED_SWIFT_STANDARD_LIBRARIES = YES;
				BUNDLE_LOADER = "$(TEST_HOST)";
				CODE_SIGN_STYLE = Automatic;
				CURRENT_PROJECT_VERSION = 1;
				GENERATE_INFOPLIST_FILE = YES;
				IPHONEOS_DEPLOYMENT_TARGET = 16.2;
				MARKETING_VERSION = 1.0;
				PRODUCT_BUNDLE_IDENTIFIER = "angela.Angela-Fan-ProjectTests";
				PRODUCT_NAME = "$(TARGET_NAME)";
				SWIFT_EMIT_LOC_STRINGS = NO;
				SWIFT_VERSION = 5.0;
				TARGETED_DEVICE_FAMILY = "1,2";
				TEST_HOST = "$(BUILT_PRODUCTS_DIR)/Angela Fan Project.app/$(BUNDLE_EXECUTABLE_FOLDER_PATH)/Angela Fan Project";
			};
			name = Release;
		};
		475FE1E2296A46CE0073AA1B /* Debug */ = {
			isa = XCBuildConfiguration;
			buildSettings = {
				ALWAYS_EMBED_SWIFT_STANDARD_LIBRARIES = YES;
				CODE_SIGN_STYLE = Automatic;
				CURRENT_PROJECT_VERSION = 1;
				GENERATE_INFOPLIST_FILE = YES;
				MARKETING_VERSION = 1.0;
				PRODUCT_BUNDLE_IDENTIFIER = "angela.Angela-Fan-ProjectUITests";
				PRODUCT_NAME = "$(TARGET_NAME)";
				SWIFT_EMIT_LOC_STRINGS = NO;
				SWIFT_VERSION = 5.0;
				TARGETED_DEVICE_FAMILY = "1,2";
				TEST_TARGET_NAME = "Angela Fan Project";
			};
			name = Debug;
		};
		475FE1E3296A46CE0073AA1B /* Release */ = {
			isa = XCBuildConfiguration;
			buildSettings = {
				ALWAYS_EMBED_SWIFT_STANDARD_LIBRARIES = YES;
				CODE_SIGN_STYLE = Automatic;
				CURRENT_PROJECT_VERSION = 1;
				GENERATE_INFOPLIST_FILE = YES;
				MARKETING_VERSION = 1.0;
				PRODUCT_BUNDLE_IDENTIFIER = "angela.Angela-Fan-ProjectUITests";
				PRODUCT_NAME = "$(TARGET_NAME)";
				SWIFT_EMIT_LOC_STRINGS = NO;
				SWIFT_VERSION = 5.0;
				TARGETED_DEVICE_FAMILY = "1,2";
				TEST_TARGET_NAME = "Angela Fan Project";
			};
			name = Release;
		};
/* End XCBuildConfiguration section */

/* Begin XCConfigurationList section */
		475FE1AC296A46CD0073AA1B /* Build configuration list for PBXProject "Angela Fan Project" */ = {
			isa = XCConfigurationList;
			buildConfigurations = (
				475FE1D9296A46CE0073AA1B /* Debug */,
				475FE1DA296A46CE0073AA1B /* Release */,
			);
			defaultConfigurationIsVisible = 0;
			defaultConfigurationName = Release;
		};
		475FE1DB296A46CE0073AA1B /* Build configuration list for PBXNativeTarget "Angela Fan Project" */ = {
			isa = XCConfigurationList;
			buildConfigurations = (
				475FE1DC296A46CE0073AA1B /* Debug */,
				475FE1DD296A46CE0073AA1B /* Release */,
			);
			defaultConfigurationIsVisible = 0;
			defaultConfigurationName = Release;
		};
		475FE1DE296A46CE0073AA1B /* Build configuration list for PBXNativeTarget "Angela Fan ProjectTests" */ = {
			isa = XCConfigurationList;
			buildConfigurations = (
				475FE1DF296A46CE0073AA1B /* Debug */,
				475FE1E0296A46CE0073AA1B /* Release */,
			);
			defaultConfigurationIsVisible = 0;
			defaultConfigurationName = Release;
		};
		475FE1E1296A46CE0073AA1B /* Build configuration list for PBXNativeTarget "Angela Fan ProjectUITests" */ = {
			isa = XCConfigurationList;
			buildConfigurations = (
				475FE1E2296A46CE0073AA1B /* Debug */,
				475FE1E3296A46CE0073AA1B /* Release */,
			);
			defaultConfigurationIsVisible = 0;
			defaultConfigurationName = Release;
		};
/* End XCConfigurationList section */
	};
	rootObject = 475FE1A9296A46CD0073AA1B /* Project object */;
}
